{
  "SprykerEco.Loggly": "0.1.1",
  "SprykerSdk.AsyncApi": "0.1.0",
  "SprykerShop.AgentPage": "1.10.0",
  "SprykerShop.AgentWidget": "1.3.3",
  "SprykerShop.AssetWidget": "1.0.0",
  "SprykerShop.AvailabilityNotificationPage": "1.1.2",
  "SprykerShop.AvailabilityNotificationWidget": "1.1.4",
  "SprykerShop.AvailabilityWidget": "1.1.1",
  "SprykerShop.BarcodeWidget": "1.0.0",
  "SprykerShop.CalculationPage": "1.3.2",
  "SprykerShop.CartCodeWidget": "1.4.1",
  "SprykerShop.CartNoteWidget": "1.4.0",
  "SprykerShop.CartPage": "3.32.0",
  "SprykerShop.CartPageExtension": "1.1.0",
  "SprykerShop.CatalogPage": "1.23.0",
  "SprykerShop.CategoryImageStorageWidget": "1.0.3",
  "SprykerShop.CategoryWidget": "1.4.0",
  "SprykerShop.ChartWidget": "0.2.3",
  "SprykerShop.CheckoutPage": "3.20.0",
  "SprykerShop.CheckoutPageExtension": "1.4.0",
  "SprykerShop.CheckoutWidget": "1.4.0",
  "SprykerShop.CmsBlockWidget": "2.3.1",
  "SprykerShop.CmsContentWidgetChartConnector": "1.0.3",
  "SprykerShop.CmsContentWidgetProductConnector": "1.3.0",
  "SprykerShop.CmsContentWidgetProductSetConnector": "1.3.1",
  "SprykerShop.CmsPage": "1.7.0",
  "SprykerShop.CmsSearchPage": "1.3.2",
  "SprykerShop.CmsSlotBlockWidget": "1.1.0",
  "SprykerShop.CommentWidgetExtension": "1.0.0",
  "SprykerShop.ConfigurableBundleNoteWidget": "1.0.1",
  "SprykerShop.ConfigurableBundlePage": "1.2.3",
  "SprykerShop.ConfigurableBundleWidget": "1.5.2",
  "SprykerShop.ContentBannerWidget": "1.1.0",
  "SprykerShop.ContentFileWidget": "2.0.0",
  "SprykerShop.ContentNavigationWidget": "1.4.0",
  "SprykerShop.ContentProductSetWidget": "1.4.0",
  "SprykerShop.ContentProductWidget": "1.2.0",
  "SprykerShop.CurrencyWidget": "1.5.0",
  "SprykerShop.CustomerPage": "2.35.0",
  "SprykerShop.CustomerPageExtension": "1.5.0",
  "SprykerShop.CustomerReorderWidget": "6.11.0",
  "SprykerShop.CustomerReorderWidgetExtension": "1.1.0",
  "SprykerShop.DiscountPromotionWidget": "3.5.1",
  "SprykerShop.DiscountWidget": "1.8.0",
  "SprykerShop.ErrorPage": "1.9.0",
  "SprykerShop.ErrorPageExtension": "1.0.0",
  "SprykerShop.FileManagerWidget": "2.0.0",
  "SprykerShop.GiftCardWidget": "1.2.0",
  "SprykerShop.HomePage": "1.1.2",
  "SprykerShop.LanguageSwitcherWidget": "1.4.0",
  "SprykerShop.MoneyWidget": "1.6.0",
  "SprykerShop.NewsletterPage": "1.1.3",
  "SprykerShop.NewsletterWidget": "1.7.0",
  "SprykerShop.OrderCancelWidget": "1.1.0",
  "SprykerShop.OrderCustomReferenceWidget": "1.0.1",
  "SprykerShop.PaymentPage": "1.1.0",
  "SprykerShop.PriceProductVolumeWidget": "1.6.0",
  "SprykerShop.PriceProductWidget": "1.0.0",
  "SprykerShop.PriceWidget": "1.4.2",
  "SprykerShop.ProductAlternativeWidget": "1.4.0",
  "SprykerShop.ProductBarcodeWidget": "1.1.3",
  "SprykerShop.ProductBundleWidget": "1.3.6",
  "SprykerShop.ProductCategoryWidget": "1.6.0",
  "SprykerShop.ProductConfiguratorGatewayPageExtension": "0.2.0",
  "SprykerShop.ProductDetailPage": "3.17.0",
  "SprykerShop.ProductDiscontinuedWidget": "1.1.1",
  "SprykerShop.ProductGroupWidget": "1.9.0",
  "SprykerShop.ProductGroupWidgetExtension": "1.1.0",
  "SprykerShop.ProductImageWidget": "1.0.2",
  "SprykerShop.ProductLabelWidget": "1.6.0",
  "SprykerShop.ProductNewPage": "1.2.0",
  "SprykerShop.ProductOptionWidget": "1.4.7",
  "SprykerShop.ProductRelationWidget": "1.3.1",
  "SprykerShop.ProductReplacementForWidget": "1.5.2",
  "SprykerShop.ProductReviewWidget": "1.13.0",
  "SprykerShop.ProductSearchWidget": "3.3.0",
  "SprykerShop.ProductSearchWidgetExtension": "1.0.0",
  "SprykerShop.ProductSetDetailPage": "1.9.0",
  "SprykerShop.ProductSetListPage": "1.1.2",
  "SprykerShop.ProductSetWidget": "1.8.0",
  "SprykerShop.ProductWidget": "1.3.1",
  "SprykerShop.RedirectPage": "1.1.0",
  "SprykerShop.SalesConfigurableBundleWidget": "1.4.1",
  "SprykerShop.SalesOrderThresholdWidget": "1.1.4",
  "SprykerShop.SalesProductBundleWidget": "1.0.2",
  "SprykerShop.SalesReturnPage": "1.3.0",
  "SprykerShop.SalesReturnPageExtension": "1.0.0",
  "SprykerShop.SecurityBlockerPage": "1.0.0",
  "SprykerShop.ShopApplication": "1.13.0",
  "SprykerShop.ShopApplicationExtension": "1.2.0",
  "SprykerShop.ShopCmsSlot": "1.0.0",
  "SprykerShop.ShopCmsSlotExtension": "1.0.0",
  "SprykerShop.ShopPermission": "1.2.2",
  "SprykerShop.ShopRouter": "1.0.6",
  "SprykerShop.ShopRouterExtension": "1.0.0",
  "SprykerShop.ShopTranslator": "1.1.1",
  "SprykerShop.ShopUi": "1.59.0",
  "SprykerShop.ShoppingListPageExtension": "1.1.0",
  "SprykerShop.StorageRouter": "0.1.2",
  "SprykerShop.StorageRouterExtension": "1.0.0",
  "SprykerShop.TabsWidget": "1.0.3",
  "SprykerShop.TabsWidgetExtension": "1.0.0",
  "SprykerShop.WishlistPage": "1.10.0",
  "SprykerShop.WishlistPageExtension": "1.0.0",
  "SprykerShop.WishlistWidget": "1.3.1",
  "Spryker.Acl": "3.12.0",
  "Spryker.AclEntityExtension": "1.0.0",
  "Spryker.AclExtension": "1.1.0",
  "Spryker.Agent": "1.5.0",
  "Spryker.AgentAuthRestApi": "1.0.0",
  "Spryker.AgentExtension": "1.0.0",
  "Spryker.AgentGui": "1.0.0",
  "Spryker.AlternativeProductsRestApi": "1.1.2",
  "Spryker.AppCatalogGui": "1.0.0",
  "Spryker.Application": "3.28.0",
  "Spryker.ApplicationExtension": "1.0.1",
  "Spryker.Assertion": "3.0.1",
  "Spryker.Asset": "1.1.0",
  "Spryker.AssetStorage": "1.0.0",
  "Spryker.AuthRestApi": "2.14.0",
  "Spryker.AuthRestApiExtension": "1.1.0",
  "Spryker.Authorization": "1.0.0",
  "Spryker.AuthorizationExtension": "1.0.0",
  "Spryker.Availability": "9.14.0",
  "Spryker.AvailabilityCartConnector": "7.3.0",
  "Spryker.AvailabilityCartConnectorExtension": "1.0.0",
  "Spryker.AvailabilityDataFeed": "0.1.7",
  "Spryker.AvailabilityExtension": "1.2.0",
  "Spryker.AvailabilityGui": "6.6.2",
  "Spryker.AvailabilityGuiExtension": "1.0.0",
  "Spryker.AvailabilityNotification": "1.1.0",
  "Spryker.AvailabilityNotificationsRestApi": "1.1.0",
  "Spryker.AvailabilityStorage": "2.6.0",
  "Spryker.AvailabilityStorageExtension": "1.0.0",
  "Spryker.Barcode": "1.1.1",
  "Spryker.BarcodeExtension": "1.0.1",
  "Spryker.Cache": "3.5.0",
  "Spryker.Calculation": "4.12.0",
  "Spryker.CalculationExtension": "1.1.0",
  "Spryker.Cart": "7.11.0",
  "Spryker.CartCode": "1.2.0",
  "Spryker.CartCodeExtension": "1.1.0",
  "Spryker.CartCodesRestApi": "1.3.1",
  "Spryker.CartCodesRestApiExtension": "1.0.0",
  "Spryker.CartCurrencyConnector": "1.1.5",
  "Spryker.CartExtension": "4.3.0",
  "Spryker.CartNote": "1.0.3",
  "Spryker.CartNoteExtension": "1.0.0",
  "Spryker.CartNoteProductBundleConnector": "1.0.3",
  "Spryker.CartVariant": "2.0.1",
  "Spryker.CartsRestApi": "5.18.0",
  "Spryker.CartsRestApiExtension": "1.7.0",
  "Spryker.Catalog": "5.7.0",
  "Spryker.CatalogPriceProductConnector": "1.3.2",
  "Spryker.CatalogSearchProductsResourceRelationship": "1.2.0",
  "Spryker.CatalogSearchRestApi": "2.6.0",
  "Spryker.CategoriesRestApi": "1.6.0",
  "Spryker.Category": "5.5.0",
  "Spryker.CategoryDataFeed": "0.2.3",
  "Spryker.CategoryDataImport": "0.3.0",
  "Spryker.CategoryDiscountConnector": "1.0.0",
  "Spryker.CategoryExporter": "3.0.4",
  "Spryker.CategoryExtension": "1.2.0",
  "Spryker.CategoryGui": "2.0.0",
  "Spryker.CategoryGuiExtension": "1.0.0",
  "Spryker.CategoryImage": "1.1.3",
  "Spryker.CategoryImageGui": "1.3.0",
  "Spryker.CategoryImageStorage": "1.4.0",
  "Spryker.CategoryNavigationConnector": "1.0.2",
  "Spryker.CategoryPageSearch": "2.1.0",
  "Spryker.CategoryStorage": "2.1.1",
  "Spryker.Chart": "1.3.4",
  "Spryker.ChartGui": "1.1.1",
  "Spryker.Checkout": "6.3.0",
  "Spryker.CheckoutExtension": "1.3.0",
  "Spryker.CheckoutRestApi": "3.7.1",
  "Spryker.CheckoutRestApiExtension": "1.5.0",
  "Spryker.Cms": "7.11.0",
  "Spryker.CmsBlock": "3.3.0",
  "Spryker.CmsBlockCategoryConnector": "2.6.0",
  "Spryker.CmsBlockCategoryStorage": "1.6.0",
  "Spryker.CmsBlockExtension": "1.0.0",
  "Spryker.CmsBlockGui": "2.7.2",
  "Spryker.CmsBlockGuiExtension": "1.0.0",
  "Spryker.CmsBlockProductConnector": "1.4.0",
  "Spryker.CmsBlockProductStorage": "1.5.0",
  "Spryker.CmsBlockStorage": "2.3.0",
  "Spryker.CmsBlockStorageExtension": "1.0.0",
  "Spryker.CmsContentWidget": "1.9.1",
  "Spryker.CmsContentWidgetCmsBlockConnector": "1.4.0",
  "Spryker.CmsContentWidgetContentConnector": "1.0.0",
  "Spryker.CmsContentWidgetProductConnector": "1.2.0",
  "Spryker.CmsContentWidgetProductGroupConnector": "1.1.0",
  "Spryker.CmsContentWidgetProductSearchConnector": "1.1.1",
  "Spryker.CmsContentWidgetProductSetConnector": "1.1.1",
  "Spryker.CmsExtension": "1.1.0",
  "Spryker.CmsGui": "5.9.4",
  "Spryker.CmsGuiExtension": "1.0.0",
  "Spryker.CmsNavigationConnector": "1.1.1",
  "Spryker.CmsPageDataImport": "1.1.2",
  "Spryker.CmsPageSearch": "2.3.4",
  "Spryker.CmsPagesContentBannersResourceRelationship": "1.0.0",
  "Spryker.CmsPagesContentProductAbstractListsResourceRelationship": "1.0.0",
  "Spryker.CmsPagesRestApi": "1.0.0",
  "Spryker.CmsSlot": "1.0.2",
  "Spryker.CmsSlotBlock": "1.1.0",
  "Spryker.CmsSlotBlockCategoryConnector": "1.0.1",
  "Spryker.CmsSlotBlockCategoryGui": "1.2.0",
  "Spryker.CmsSlotBlockCmsConnector": "1.0.0",
  "Spryker.CmsSlotBlockCmsGui": "1.0.0",
  "Spryker.CmsSlotBlockDataImport": "0.2.1",
  "Spryker.CmsSlotBlockExtension": "1.0.0",
  "Spryker.CmsSlotBlockGui": "1.1.0",
  "Spryker.CmsSlotBlockGuiExtension": "1.0.0",
  "Spryker.CmsSlotBlockProductCategoryConnector": "1.2.0",
  "Spryker.CmsSlotBlockProductCategoryGui": "1.0.1",
  "Spryker.CmsSlotBlockStorage": "1.2.0",
  "Spryker.CmsSlotDataImport": "0.7.0",
  "Spryker.CmsSlotExtension": "1.0.0",
  "Spryker.CmsSlotGui": "1.1.0",
  "Spryker.CmsSlotLocaleConnector": "1.0.1",
  "Spryker.CmsSlotStorage": "1.2.0",
  "Spryker.CmsSlotStoreConnector": "1.0.1",
  "Spryker.CmsStorage": "2.4.1",
  "Spryker.CmsUserConnector": "1.1.1",
  "Spryker.CodeItNow": "1.0.1",
  "Spryker.Collector": "6.7.0",
  "Spryker.Config": "3.5.2",
  "Spryker.ConfigurableBundle": "2.1.0",
  "Spryker.ConfigurableBundleCart": "1.4.0",
  "Spryker.ConfigurableBundleCartsRestApi": "0.1.1",
  "Spryker.ConfigurableBundleDataImport": "0.2.1",
  "Spryker.ConfigurableBundleGui": "1.1.1",
  "Spryker.ConfigurableBundleGuiExtension": "1.0.0",
  "Spryker.ConfigurableBundleNote": "1.0.0",
  "Spryker.ConfigurableBundlePageSearch": "1.3.0",
  "Spryker.ConfigurableBundlePageSearchExtension": "1.1.0",
  "Spryker.ConfigurableBundleStorage": "2.5.0",
  "Spryker.ConfigurableBundlesProductsResourceRelationship": "1.0.0",
  "Spryker.ConfigurableBundlesRestApi": "1.1.0",
  "Spryker.Console": "4.10.2",
  "Spryker.Container": "1.4.5",
  "Spryker.Content": "2.2.1",
  "Spryker.ContentBanner": "2.2.0",
  "Spryker.ContentBannerDataImport": "0.2.3",
  "Spryker.ContentBannerGui": "2.2.3",
  "Spryker.ContentBannersRestApi": "2.2.0",
  "Spryker.ContentFile": "1.0.2",
  "Spryker.ContentFileGui": "2.0.0",
  "Spryker.ContentGui": "2.4.7",
  "Spryker.ContentGuiExtension": "1.1.0",
  "Spryker.ContentNavigation": "1.0.0",
  "Spryker.ContentNavigationDataImport": "0.1.0",
  "Spryker.ContentNavigationGui": "1.0.0",
  "Spryker.ContentProduct": "1.1.0",
  "Spryker.ContentProductAbstractListsRestApi": "1.2.0",
  "Spryker.ContentProductDataImport": "0.3.3",
  "Spryker.ContentProductGui": "1.0.8",
  "Spryker.ContentProductSet": "1.0.0",
  "Spryker.ContentProductSetDataImport": "0.2.4",
  "Spryker.ContentProductSetGui": "1.0.3",
  "Spryker.ContentStorage": "2.5.0",
  "Spryker.ContentStorageExtension": "1.1.0",
  "Spryker.Country": "3.4.0",
  "Spryker.Csv": "3.0.1",
  "Spryker.Currency": "3.14.0",
  "Spryker.CurrencyExtension": "1.0.0",
  "Spryker.Customer": "7.47.0",
  "Spryker.CustomerAccess": "1.3.0",
  "Spryker.CustomerAccessGui": "1.1.3",
  "Spryker.CustomerAccessPermission": "1.2.2",
  "Spryker.CustomerAccessRestApi": "1.1.1",
  "Spryker.CustomerAccessStorage": "1.7.0",
  "Spryker.CustomerExtension": "1.3.0",
  "Spryker.CustomerGroup": "2.6.0",
  "Spryker.CustomerGroupDiscountConnector": "2.1.5",
  "Spryker.CustomerNote": "1.1.0",
  "Spryker.CustomerNoteGui": "1.2.0",
  "Spryker.CustomerUserConnector": "1.0.3",
  "Spryker.CustomerUserConnectorGui": "1.3.1",
  "Spryker.CustomersRestApi": "1.16.1",
  "Spryker.CustomersRestApiExtension": "1.2.0",
  "Spryker.Dashboard": "1.1.3",
  "Spryker.DataExport": "0.1.3",
  "Spryker.DataExportExtension": "0.1.0",
  "Spryker.DataImport": "1.18.0",
  "Spryker.DataImportExtension": "1.2.0",
  "Spryker.DecimalObject": "1.0.2",
  "Spryker.Discount": "9.25.1",
  "Spryker.DiscountCalculationConnector": "5.3.0",
  "Spryker.DiscountExtension": "1.2.0",
  "Spryker.DiscountPromotion": "4.6.0",
  "Spryker.DiscountPromotionsRestApi": "1.4.0",
  "Spryker.DoctrineInflector": "1.1.0",
  "Spryker.DocumentationGeneratorRestApi": "1.12.1",
  "Spryker.DocumentationGeneratorRestApiExtension": "1.0.0",
  "Spryker.DummyPayment": "2.6.0",
  "Spryker.Egulias": "1.1.1",
  "Spryker.Elastica": "6.0.0",
  "Spryker.EntityTag": "1.0.2",
  "Spryker.EntityTagsRestApi": "1.0.2",
  "Spryker.ErrorHandler": "2.7.0",
  "Spryker.ErrorHandlerExtension": "1.0.0",
  "Spryker.Event": "2.9.2",
  "Spryker.EventBehavior": "1.23.0",
  "Spryker.EventDispatcher": "1.3.1",
  "Spryker.EventDispatcherExtension": "1.0.0",
  "Spryker.FileManager": "2.0.0",
  "Spryker.FileManagerDataImport": "2.0.0",
  "Spryker.FileManagerGui": "2.0.0",
  "Spryker.FileManagerStorage": "2.1.0",
  "Spryker.FileSystem": "2.0.0",
  "Spryker.FileSystemExtension": "1.0.0",
  "Spryker.Flysystem": "2.1.0",
  "Spryker.FlysystemFtpFileSystem": "2.0.0",
  "Spryker.FlysystemLocalFileSystem": "2.0.0",
  "Spryker.Form": "1.1.1",
  "Spryker.FormExtension": "1.0.0",
  "Spryker.GiftCard": "1.6.0",
  "Spryker.GiftCardBalance": "1.2.0",
  "Spryker.GiftCardMailConnector": "1.0.5",
  "Spryker.GiftCardsRestApi": "1.0.0",
  "Spryker.Glossary": "3.11.5",
  "Spryker.GlossaryStorage": "1.9.1",
  "Spryker.GlueApplication": "1.39.0",
  "Spryker.GlueApplicationAuthorizationConnectorExtension": "1.0.0",
  "Spryker.GlueApplicationExtension": "1.7.0",
  "Spryker.GlueBackendApiApplication": "0.2.0",
  "Spryker.GlueBackendApiApplicationExtension": "1.0.0",
  "Spryker.GlueHttp": "0.2.0",
  "Spryker.GlueStorefrontApiApplication": "0.2.0",
  "Spryker.GlueStorefrontApiApplicationExtension": "1.0.0",
  "Spryker.GracefulRunner": "1.0.0",
  "Spryker.Graph": "3.0.3",
  "Spryker.Graphviz": "2.0.3",
  "Spryker.Gui": "3.42.0",
  "Spryker.Guzzle": "2.3.0",
  "Spryker.HealthCheck": "1.0.1",
  "Spryker.HealthCheckExtension": "1.0.0",
  "Spryker.Http": "1.7.1",
  "Spryker.HttpExtension": "1.0.0",
  "Spryker.IndexGenerator": "1.1.1",
  "Spryker.Install": "1.0.0",
  "Spryker.Installer": "4.0.3",
  "Spryker.Invoice": "2.0.1",
  "Spryker.Kernel": "3.68.0",
  "Spryker.KeyBuilder": "1.1.0",
  "Spryker.Laminas": "1.0.0",
  "Spryker.Locale": "3.8.1",
  "Spryker.LocaleExtension": "1.0.0",
  "Spryker.Log": "3.13.0",
  "Spryker.Mail": "4.8.0",
  "Spryker.Maintenance": "3.3.0",
  "Spryker.ManualOrderEntryGuiExtension": "1.0.0",
  "Spryker.MessageBroker": "1.1.0",
  "Spryker.MessageBrokerAws": "1.1.0",
  "Spryker.MessageBrokerExtension": "1.0.0",
  "Spryker.Messenger": "3.6.2",
  "Spryker.MessengerExtension": "1.0.0",
  "Spryker.Money": "2.10.1",
  "Spryker.Monitoring": "2.4.0",
  "Spryker.MonitoringExtension": "1.0.0",
  "Spryker.Monolog": "2.0.5",
  "Spryker.Navigation": "2.6.0",
  "Spryker.NavigationGui": "2.7.2",
  "Spryker.NavigationStorage": "1.7.1",
  "Spryker.NavigationsCategoryNodesResourceRelationship": "1.0.1",
  "Spryker.NavigationsRestApi": "2.1.1",
  "Spryker.Newsletter": "4.5.2",
  "Spryker.Nopayment": "4.1.0",
  "Spryker.Oauth": "2.3.0",
  "Spryker.OauthAgentConnector": "1.0.2",
  "Spryker.OauthAuth0": "1.0.0",
  "Spryker.OauthClient": "1.0.0",
  "Spryker.OauthClientExtension": "1.0.0",
  "Spryker.OauthCryptography": "1.0.1",
  "Spryker.OauthCustomerConnector": "1.7.1",
  "Spryker.OauthCustomerConnectorExtension": "1.0.0",
  "Spryker.OauthDummy": "1.0.0",
  "Spryker.OauthExtension": "1.5.0",
  "Spryker.OauthRevoke": "1.3.1",
  "Spryker.OauthRevokeExtension": "1.0.0",
  "Spryker.Oms": "11.17.0",
  "Spryker.OmsDiscountConnector": "3.0.6",
  "Spryker.OmsExtension": "1.3.0",
  "Spryker.OmsMultiThread": "1.0.0",
  "Spryker.OrderCustomReference": "1.0.0",
  "Spryker.OrderCustomReferenceGui": "1.0.0",
  "Spryker.OrderPaymentsRestApi": "1.0.1",
  "Spryker.OrderPaymentsRestApiExtension": "1.0.0",
  "Spryker.OrdersRestApi": "4.10.0",
  "Spryker.OrdersRestApiExtension": "1.1.0",
  "Spryker.Payment": "5.6.0",
  "Spryker.PaymentCartConnector": "1.0.1",
  "Spryker.PaymentDataImport": "1.0.1",
  "Spryker.PaymentExtension": "1.1.0",
  "Spryker.PaymentGui": "1.2.0",
  "Spryker.PaymentsRestApi": "1.1.1",
  "Spryker.Permission": "1.5.2",
  "Spryker.PermissionExtension": "1.2.0",
  "Spryker.PersistentCart": "3.5.0",
  "Spryker.PersistentCartExtension": "1.1.0",
  "Spryker.Price": "5.6.2",
  "Spryker.PriceCartConnector": "6.7.1",
  "Spryker.PriceCartConnectorExtension": "1.1.0",
  "Spryker.PriceDataFeed": "0.2.4",
  "Spryker.PriceExtension": "1.0.0",
  "Spryker.PriceProduct": "4.35.0",
  "Spryker.PriceProductDataImport": "0.1.13",
  "Spryker.PriceProductExtension": "1.6.0",
  "Spryker.PriceProductSchedule": "2.5.0",
  "Spryker.PriceProductScheduleDataImport": "0.1.4",
  "Spryker.PriceProductScheduleGui": "2.2.4",
  "Spryker.PriceProductStorage": "4.9.0",
  "Spryker.PriceProductStorageExtension": "1.3.0",
  "Spryker.PriceProductVolume": "3.3.0",
  "Spryker.PriceProductVolumeGui": "3.1.1",
  "Spryker.PriceProductVolumesRestApi": "1.1.0",
  "Spryker.Product": "6.29.0",
  "Spryker.ProductAbstractDataFeed": "0.2.6",
  "Spryker.ProductAlternative": "1.1.2",
  "Spryker.ProductAlternativeDataImport": "1.0.1",
  "Spryker.ProductAlternativeExtension": "1.0.0",
  "Spryker.ProductAlternativeGui": "1.2.4",
  "Spryker.ProductAlternativeProductLabelConnector": "1.1.1",
  "Spryker.ProductAlternativeStorage": "1.9.1",
  "Spryker.ProductAlternativeStorageExtension": "1.0.0",
  "Spryker.ProductAttribute": "1.10.0",
  "Spryker.ProductAttributeGui": "1.3.1",
  "Spryker.ProductAttributesRestApi": "1.0.0",
  "Spryker.ProductAvailabilitiesRestApi": "4.2.0",
  "Spryker.ProductBarcode": "1.1.2",
  "Spryker.ProductBarcodeGui": "1.1.1",
  "Spryker.ProductBundle": "7.11.0",
  "Spryker.ProductBundleCartsRestApi": "1.0.0",
  "Spryker.ProductBundleStorage": "1.0.0",
  "Spryker.ProductBundlesRestApi": "1.0.1",
  "Spryker.ProductCartConnector": "4.9.0",
  "Spryker.ProductCategory": "4.14.0",
  "Spryker.ProductCategoryFilter": "1.2.5",
  "Spryker.ProductCategoryFilterGui": "2.0.2",
  "Spryker.ProductCategoryFilterStorage": "1.3.0",
  "Spryker.ProductCategorySearch": "1.1.0",
  "Spryker.ProductCategoryStorage": "2.3.0",
  "Spryker.ProductDiscontinued": "1.6.0",
  "Spryker.ProductDiscontinuedDataImport": "1.0.1",
  "Spryker.ProductDiscontinuedExtension": "1.2.0",
  "Spryker.ProductDiscontinuedGui": "1.3.4",
  "Spryker.ProductDiscontinuedProductBundleConnector": "1.2.2",
  "Spryker.ProductDiscontinuedProductLabelConnector": "1.3.0",
  "Spryker.ProductDiscontinuedRestApi": "1.0.1",
  "Spryker.ProductDiscontinuedStorage": "1.12.0",
  "Spryker.ProductDiscountConnector": "5.0.2",
  "Spryker.ProductExtension": "1.3.0",
  "Spryker.ProductGroup": "1.3.0",
  "Spryker.ProductGroupStorage": "1.3.0",
  "Spryker.ProductImage": "3.13.0",
  "Spryker.ProductImageCartConnector": "1.2.3",
  "Spryker.ProductImageSetsRestApi": "1.0.5",
  "Spryker.ProductImageStorage": "1.13.1",
  "Spryker.ProductLabel": "3.2.0",
  "Spryker.ProductLabelDataImport": "0.1.0",
  "Spryker.ProductLabelDiscountConnector": "3.0.3",
  "Spryker.ProductLabelGui": "3.2.1",
  "Spryker.ProductLabelSearch": "2.1.0",
  "Spryker.ProductLabelStorage": "2.2.0",
  "Spryker.ProductLabelsRestApi": "1.2.3",
  "Spryker.ProductList": "1.6.2",
  "Spryker.ProductListDataImport": "0.1.2",
  "Spryker.ProductListExtension": "1.1.0",
  "Spryker.ProductListGui": "2.1.2",
  "Spryker.ProductListGuiExtension": "1.2.0",
  "Spryker.ProductListSearch": "2.4.0",
  "Spryker.ProductListStorage": "1.14.0",
  "Spryker.ProductManagement": "0.19.25",
  "Spryker.ProductManagementExtension": "1.6.0",
  "Spryker.ProductNew": "1.3.3",
  "Spryker.ProductOption": "8.10.2",
  "Spryker.ProductOptionCartConnector": "7.1.2",
  "Spryker.ProductOptionExtension": "1.1.0",
  "Spryker.ProductOptionGuiExtension": "1.0.0",
  "Spryker.ProductOptionStorage": "1.13.0",
  "Spryker.ProductOptionStorageExtension": "1.0.0",
  "Spryker.ProductOptionsRestApi": "1.2.0",
  "Spryker.ProductPageSearch": "3.28.1",
  "Spryker.ProductPageSearchExtension": "1.6.0",
  "Spryker.ProductPricesRestApi": "1.6.0",
  "Spryker.ProductPricesRestApiExtension": "1.0.0",
  "Spryker.ProductQuantity": "3.1.3",
  "Spryker.ProductQuantityDataImport": "3.0.0",
  "Spryker.ProductQuantityStorage": "3.3.0",
  "Spryker.ProductRelation": "3.2.0",
  "Spryker.ProductRelationDataImport": "1.1.0",
  "Spryker.ProductRelationGui": "1.2.4",
  "Spryker.ProductRelationStorage": "2.2.0",
  "Spryker.ProductResourceAliasStorage": "1.1.1",
  "Spryker.ProductReview": "2.8.1",
  "Spryker.ProductReviewGui": "1.3.1",
  "Spryker.ProductReviewSearch": "1.5.0",
  "Spryker.ProductReviewStorage": "1.4.0",
  "Spryker.ProductReviewsRestApi": "1.0.1",
  "Spryker.ProductSearch": "5.15.0",
  "Spryker.ProductSearchConfigStorage": "1.3.0",
  "Spryker.ProductSet": "1.6.1",
  "Spryker.ProductSetGui": "2.4.3",
  "Spryker.ProductSetPageSearch": "1.5.1",
  "Spryker.ProductSetStorage": "1.7.0",
  "Spryker.ProductStorage": "1.36.1",
  "Spryker.ProductStorageExtension": "1.7.0",
  "Spryker.ProductTaxSetsRestApi": "2.1.2",
  "Spryker.ProductValidity": "1.2.0",
  "Spryker.ProductsCategoriesResourceRelationship": "1.3.0",
  "Spryker.ProductsRestApi": "2.14.0",
  "Spryker.ProductsRestApiExtension": "1.1.0",
  "Spryker.Propel": "3.34.2",
  "Spryker.PropelOrm": "1.15.1",
  "Spryker.PropelOrmExtension": "1.0.0",
  "Spryker.PropelQueryBuilder": "0.3.6",
  "Spryker.PublishAndSynchronizeHealthCheck": "1.0.0",
  "Spryker.PublishAndSynchronizeHealthCheckSearch": "1.0.1",
  "Spryker.PublishAndSynchronizeHealthCheckStorage": "1.0.1",
  "Spryker.Publisher": "1.2.0",
  "Spryker.PublisherExtension": "1.0.0",
  "Spryker.Queue": "1.9.1",
  "Spryker.QuickOrderExtension": "1.1.0",
  "Spryker.Quote": "2.16.0",
  "Spryker.QuoteExtension": "1.7.0",
  "Spryker.QuoteRequestsRestApiExtension": "1.0.0",
  "Spryker.RabbitMq": "2.15.0",
  "Spryker.RamseyUuid": "2.0.0",
  "Spryker.Redis": "2.6.1",
  "Spryker.Refund": "5.4.0",
  "Spryker.RelatedProductsRestApi": "1.3.2",
  "Spryker.RestRequestValidator": "1.3.5",
  "Spryker.Router": "1.14.0",
  "Spryker.RouterExtension": "1.1.0",
  "Spryker.Sales": "11.30.0",
  "Spryker.SalesConfigurableBundle": "1.5.0",
  "Spryker.SalesDataExport": "0.2.0",
  "Spryker.SalesExtension": "1.9.0",
  "Spryker.SalesInvoice": "1.1.2",
  "Spryker.SalesInvoiceExtension": "1.0.0",
  "Spryker.SalesOms": "0.1.0",
  "Spryker.SalesOrderThreshold": "1.6.0",
  "Spryker.SalesOrderThresholdDataImport": "0.1.3",
  "Spryker.SalesOrderThresholdExtension": "1.0.0",
  "Spryker.SalesOrderThresholdGui": "1.6.2",
  "Spryker.SalesOrderThresholdGuiExtension": "1.1.0",
  "Spryker.SalesOrderThresholdsRestApi": "1.0.0",
  "Spryker.SalesPayment": "1.0.0",
  "Spryker.SalesPaymentExtension": "1.0.0",
  "Spryker.SalesPaymentGui": "1.0.0",
  "Spryker.SalesProductConnector": "1.6.0",
  "Spryker.SalesQuantity": "3.2.0",
  "Spryker.SalesQuantityExtension": "1.0.0",
  "Spryker.SalesReclamation": "1.1.5",
  "Spryker.SalesReclamationGui": "1.6.0",
  "Spryker.SalesReturn": "1.3.0",
  "Spryker.SalesReturnDataImport": "0.2.0",
  "Spryker.SalesReturnExtension": "1.2.0",
  "Spryker.SalesReturnGui": "1.2.1",
  "Spryker.SalesReturnGuiExtension": "1.1.0",
  "Spryker.SalesReturnSearch": "1.0.2",
  "Spryker.SalesReturnsRestApi": "1.1.0",
  "Spryker.SalesSplit": "5.1.1",
  "Spryker.SalesStatistics": "1.2.0",
  "Spryker.Scheduler": "1.2.0",
  "Spryker.SchedulerExtension": "1.0.0",
  "Spryker.SchedulerJenkins": "1.2.1",
  "Spryker.Search": "8.19.0",
  "Spryker.SearchElasticsearch": "1.14.0",
  "Spryker.SearchElasticsearchGui": "1.0.1",
  "Spryker.SearchExtension": "1.1.0",
  "Spryker.SecretsManager": "1.0.0",
  "Spryker.SecretsManagerAws": "1.0.0",
  "Spryker.SecretsManagerExtension": "1.0.0",
  "Spryker.Security": "1.6.0",
  "Spryker.SecurityBlocker": "1.1.0",
  "Spryker.SecurityBlockerRestApi": "1.0.0",
  "Spryker.SecurityExtension": "1.0.1",
  "Spryker.SecurityGui": "1.1.0",
  "Spryker.SecurityGuiExtension": "1.1.0",
  "Spryker.SecurityOauthUser": "1.1.1",
  "Spryker.SecurityOauthUserExtension": "1.0.0",
  "Spryker.SecuritySystemUser": "1.0.0",
  "Spryker.SequenceNumber": "3.1.0",
  "Spryker.Session": "4.12.0",
  "Spryker.SessionCustomerValidationExtension": "1.0.0",
  "Spryker.SessionExtension": "1.0.0",
  "Spryker.SessionFile": "1.1.0",
  "Spryker.SessionRedis": "1.6.0",
  "Spryker.SessionRedisExtension": "1.1.0",
  "Spryker.SessionUserValidationExtension": "1.0.0",
  "Spryker.Setup": "4.4.2",
  "Spryker.SetupFrontend": "1.7.0",
  "Spryker.Shipment": "8.10.0",
  "Spryker.ShipmentCartConnector": "2.1.1",
  "Spryker.ShipmentCheckoutConnector": "2.0.4",
  "Spryker.ShipmentDataImport": "1.1.0",
  "Spryker.ShipmentDiscountConnector": "4.0.5",
  "Spryker.ShipmentExtension": "1.1.0",
  "Spryker.ShipmentGui": "2.4.2",
  "Spryker.ShipmentGuiExtension": "1.0.0",
  "Spryker.ShipmentsRestApi": "1.5.0",
  "Spryker.ShipmentsRestApiExtension": "1.0.0",
  "Spryker.ShoppingListExtension": "1.4.0",
  "Spryker.SqlCriteriaBuilder": "1.0.3",
  "Spryker.StateMachine": "2.14.0",
  "Spryker.StepEngine": "3.4.2",
  "Spryker.StepEngineExtension": "1.0.0",
  "Spryker.Stock": "8.4.0",
  "Spryker.StockAddress": "1.0.0",
  "Spryker.StockAddressDataImport": "0.1.0",
  "Spryker.StockDataImport": "1.2.0",
  "Spryker.StockExtension": "1.1.0",
  "Spryker.StockGui": "2.0.6",
  "Spryker.Storage": "3.18.0",
  "Spryker.StorageDatabase": "1.1.0",
  "Spryker.StorageDatabaseExtension": "1.0.0",
  "Spryker.StorageExtension": "1.1.0",
  "Spryker.StorageRedis": "1.3.0",
  "Spryker.Store": "1.16.0",
  "Spryker.StoreGui": "1.1.0",
  "Spryker.StoreReference": "1.1.0",
  "Spryker.StoresRestApi": "1.0.4",
  "Spryker.Symfony": "3.8.0",
  "Spryker.Synchronization": "1.13.1",
  "Spryker.SynchronizationBehavior": "1.8.0",
  "Spryker.SynchronizationExtension": "1.2.0",
  "Spryker.Tax": "5.9.0",
  "Spryker.TaxProductConnector": "4.4.0",
  "Spryker.TaxProductStorage": "1.1.0",
  "Spryker.TaxStorage": "1.2.0",
  "Spryker.Touch": "4.5.0",
  "Spryker.Transfer": "3.32.0",
  "Spryker.Translator": "1.9.1",
  "Spryker.TranslatorExtension": "1.0.1",
  "Spryker.Twig": "3.15.2",
  "Spryker.TwigExtension": "1.1.2",
  "Spryker.UpSellingProductsRestApi": "1.2.2",
  "Spryker.Url": "3.8.0",
  "Spryker.UrlStorage": "1.14.0",
  "Spryker.UrlsRestApi": "1.0.2",
  "Spryker.UrlsRestApiExtension": "1.0.0",
  "Spryker.User": "3.13.5",
  "Spryker.UserExtension": "1.1.0",
  "Spryker.UserLocale": "1.1.1",
  "Spryker.UserLocaleGui": "1.0.1",
  "Spryker.UserPasswordReset": "1.0.0",
  "Spryker.UserPasswordResetExtension": "1.0.0",
  "Spryker.UserPasswordResetMail": "1.0.0",
  "Spryker.UtilCsv": "1.0.0",
  "Spryker.UtilDataReader": "1.2.4",
  "Spryker.UtilDateTime": "1.2.3",
  "Spryker.UtilEncoding": "2.1.0",
  "Spryker.UtilEncryption": "1.1.1",
  "Spryker.UtilGlob": "1.0.0",
  "Spryker.UtilNetwork": "1.1.1",
  "Spryker.UtilSanitize": "2.3.0",
  "Spryker.UtilSanitizeExtension": "1.0.0",
  "Spryker.UtilSanitizeXss": "1.0.0",
  "Spryker.UtilText": "1.5.0",
  "Spryker.UtilUuidGenerator": "1.0.2",
  "Spryker.UtilValidate": "1.0.1",
  "Spryker.Uuid": "1.0.1",
  "Spryker.UuidBehavior": "1.2.0",
  "Spryker.Validator": "1.1.1",
  "Spryker.ValidatorExtension": "1.0.1",
  "Spryker.Vault": "1.2.1",
  "Spryker.WebProfilerExtension": "1.0.0",
  "Spryker.Wishlist": "8.6.0",
  "Spryker.WishlistExtension": "1.3.0",
  "Spryker.WishlistsRestApi": "1.6.0",
  "Spryker.WishlistsRestApiExtension": "1.1.0",
  "Spryker.ZedNavigation": "1.12.0",
  "Spryker.ZedNavigationExtension": "1.1.0",
  "Spryker.ZedRequest": "3.18.0",
  "Spryker.ZedRequestExtension": "1.0.0",
  "SprykerSdk.Benchmark": "0.2.2",
  "SprykerSdk.ComposerConstrainer": "0.2.3",
  "SprykerSdk.PhpstanSpryker": "0.4.0",
  "SprykerSdk.SecurityChecker": "0.1.0",
  "SprykerSdk.Spryk": "0.3.3",
  "SprykerSdk.SprykGui": "0.2.1",
  "SprykerShop.WebProfilerWidget": "1.4.2",
  "Spryker.ArchitectureSniffer": "0.4.2",
  "Spryker.CodeGenerator": "0.3.10",
  "Spryker.CodeSniffer": "0.15.9",
  "Spryker.Development": "3.32.3",
  "Spryker.ModuleFinder": "1.2.0",
  "Spryker.Testify": "3.43.0",
  "Spryker.WebProfiler": "1.6.4"
}
