{
  "SprykerShop.AssetWidget": "1.0.0",
  "SprykerShop.CartPage": "1.8.0",
  "SprykerShop.CatalogPage": "1.8.0",
  "SprykerShop.CategoryWidget": "1.1.0",
  "SprykerShop.ChartWidget": "0.2.0",
  "SprykerShop.CheckoutPage": "3.20.0",
  "SprykerShop.CmsBlockWidget": "1.2.0",
  "SprykerShop.CmsPage": "1.1.0",
  "SprykerShop.CmsSlotBlockWidget": "0.1.0",
  "SprykerShop.CustomerPage": "2.0.0",
  "SprykerShop.MoneyWidget": "1.2.0",
  "SprykerShop.PaymentPage": "1.0.0",
  "SprykerShop.ProductCategoryWidget": "1.6.0",
  "SprykerShop.ShopApplication": "1.5.0",
  "SprykerShop.ShopPermission": "1.2.0",
  "SprykerShop.ShopUi": "1.16.0",
  "Spryker.AgentAuthRestApi": "1.0.0",
  "Spryker.AppCatalogGui": "1.0.0",
  "Spryker.Application": "3.15.0",
  "Spryker.Asset": "1.0.0",
  "Spryker.AssetStorage": "1.0.0",
  "Spryker.Availability": "9.12.0",
  "Spryker.AvailabilityCartConnector": "7.3.0",
  "Spryker.AvailabilityStorage": "1.1.0",
  "Spryker.Cart": "7.11.0",
  "Spryker.CartNote": "0.1.0",
  "Spryker.CartNoteProductBundleConnector": "0.1.0",
  "Spryker.Category": "5.2.0",
  "Spryker.CategoryDataImport": "0.3.0",
  "Spryker.CategoryImageGui": "1.3.0",
  "Spryker.CategoryImageStorage": "1.2.0",
  "Spryker.CategoryPageSearch": "2.1.0",
  "Spryker.CategoryStorage": "2.1.0",
  "Spryker.CmsBlockCategoryConnector": "2.4.0",
  "Spryker.CmsBlockCategoryStorage": "1.0.1",
  "Spryker.CmsBlockProductStorage": "1.0.1",
  "Spryker.CmsBlockStorage": "1.0.1",
  "Spryker.CmsContentWidget": "1.5.0",
  "Spryker.CmsPageSearch": "1.0.1",
  "Spryker.CmsSlotBlockCategoryConnector": "0.1.0",
  "Spryker.CmsSlotBlockCategoryGui": "0.1.0",
  "Spryker.CmsSlotBlockCmsConnector": "0.1.0",
  "Spryker.CmsSlotBlockCmsGui": "0.1.0",
  "Spryker.CmsSlotBlockDataImport": "0.1.0",
  "Spryker.CmsSlotBlockProductCategoryConnector": "0.1.0",
  "Spryker.CmsSlotBlockProductCategoryGui": "0.1.0",
  "Spryker.CmsSlotBlockStorage": "0.1.0",
  "Spryker.CmsStorage": "1.0.1",
  "Spryker.ContentStorage": "2.2.0",
  "Spryker.Currency": "3.7.0",
  "Spryker.Customer": "7.47.0",
  "Spryker.Discount": "6.2.0",
  "Spryker.DiscountPromotion": "1.1.0",
  "Spryker.EventDispatcher": "1.0.0",
  "Spryker.GiftCard": "1.3.0",
  "Spryker.GlueApplication": "1.37.0",
  "Spryker.GlueBackendApiApplication": "0.1.0",
  "Spryker.GlueHttp": "0.1.0",
  "Spryker.GlueStorefrontApiApplication": "0.1.0",
  "Spryker.Gui": "3.19.0",
  "Spryker.Locale": "3.2.0",
  "Spryker.MessageBroker": "1.0.0",
  "Spryker.MessageBrokerAws": "1.0.0",
  "Spryker.Money": "2.10.1",
  "Spryker.NavigationStorage": "1.0.1",
  "Spryker.Oauth": "1.4.0",
  "Spryker.OauthAgentConnector": "1.0.0",
  "Spryker.OauthAuth0": "1.0.0",
  "Spryker.OauthClient": "1.0.0",
  "Spryker.OauthCustomerConnector": "1.6.0",
  "Spryker.OauthDummy": "1.0.0",
  "Spryker.Payment": "5.5.0",
  "Spryker.PersistentCart": "1.9.0",
  "Spryker.Price": "5.5.0",
  "Spryker.PriceProduct": "4.22.0",
  "Spryker.PriceProductStorage": "2.0.1",
  "Spryker.PriceProductVolume": "3.3.0",
  "Spryker.Product": "6.29.0",
  "Spryker.ProductAlternativeDataImport": "1.0.0",
  "Spryker.ProductAlternativeGui": "1.0.0",
  "Spryker.ProductAlternativeProductLabelConnector": "1.0.0",
  "Spryker.ProductAlternativeStorage": "1.8.0",
  "Spryker.ProductAvailabilitiesRestApi": "4.2.0",
  "Spryker.ProductBundle": "7.7.0",
  "Spryker.ProductCategory": "4.12.0",
  "Spryker.ProductCategoryFilterStorage": "1.0.1",
  "Spryker.ProductCategorySearch": "1.0.0",
  "Spryker.ProductCategoryStorage": "2.2.0",
  "Spryker.ProductDiscontinued": "1.0.0",
  "Spryker.ProductDiscontinuedDataImport": "1.0.0",
  "Spryker.ProductDiscontinuedGui": "1.0.0",
  "Spryker.ProductDiscontinuedProductBundleConnector": "1.0.0",
  "Spryker.ProductDiscontinuedProductLabelConnector": "1.0.0",
  "Spryker.ProductDiscontinuedStorage": "1.0.0",
  "Spryker.ProductGroupStorage": "1.0.1",
  "Spryker.ProductImage": "3.13.0",
  "Spryker.ProductImageStorage": "1.0.1",
  "Spryker.ProductOption": "8.6.0",
  "Spryker.ProductOptionStorage": "1.0.1",
  "Spryker.ProductPageSearch": "3.16.0",
  "Spryker.ProductPricesRestApi": "1.6.0",
  "Spryker.ProductReviewSearch": "1.0.1",
  "Spryker.ProductReviewStorage": "1.0.1",
  "Spryker.ProductSearchConfigStorage": "1.0.1",
  "Spryker.ProductSetPageSearch": "1.0.2",
  "Spryker.ProductSetStorage": "1.0.2",
  "Spryker.ProductStorage": "1.0.1",
  "Spryker.Quote": "2.16.0",
  "Spryker.Router": "1.0.0",
  "Spryker.Sales": "11.30.0",
  "Spryker.SessionRedis": "1.6.0",
  "Spryker.Shipment": "8.7.0",
  "Spryker.ShipmentCartConnector": "2.1.0",
  "Spryker.Store": "1.16.0",
  "Spryker.StoreGui": "1.1.0",
  "Spryker.StoreReference": "1.1.0",
  "Spryker.StoresRestApi": "1.0.0",
  "Spryker.TaxProductConnector": "4.3.0",
  "Spryker.Translator": "1.1.0",
  "Spryker.Twig": "3.4.0",
  "Spryker.UrlStorage": "1.0.1",
  "Spryker.User": "3.8.0",
  "Spryker.UserLocale": "1.1.0",
  "Spryker.ZedNavigation": "1.12.0",
  "Spryker.Development": "3.31.0"
}
